
Microsoft Visual Studio Solution File, Format Version 12.00
# Visual Studio Version 17
VisualStudioVersion = 17.2.32616.157
MinimumVisualStudioVersion = 10.0.40219.1
Project("{2150E333-8FDC-42A3-9474-1A3956D46DE8}") = "src", "src", "{558C65B6-2A10-4751-BB14-AFCF1B1A2FC5}"
EndProject
Project("{2150E333-8FDC-42A3-9474-1A3956D46DE8}") = "tests", "tests", "{9761564B-BF08-4C26-80B6-0DF03E21F3D0}"
EndProject
Project("{9A19103F-16F7-4668-BE54-9A1E7A4F7556}") = "Robo.Domain", "Robo.Domain\Robo.Domain.csproj", "{11E32500-8CFA-458A-8290-F2F8F327C975}"
EndProject
Project("{9A19103F-16F7-4668-BE54-9A1E7A4F7556}") = "Robo.Domain.Test", "Robo.Domain.Test\Robo.Domain.Test.csproj", "{3A481A3B-3738-4AB3-A4E5-B328C715451B}"
EndProject
Project("{9A19103F-16F7-4668-BE54-9A1E7A4F7556}") = "Robo.Api.Test", "Robo.Api.Test\Robo.Api.Test.csproj", "{23EC0783-5457-4D20-A4C8-AE7D1A14D403}"
EndProject
Project("{9A19103F-16F7-4668-BE54-9A1E7A4F7556}") = "Robo.Api", "Robo.Api\Robo.Api.csproj", "{994BB5B5-A838-491B-A059-F8F6B1A6555B}"
EndProject
Global
	GlobalSection(SolutionConfigurationPlatforms) = preSolution
		Debug|Any CPU = Debug|Any CPU
		Release|Any CPU = Release|Any CPU
	EndGlobalSection
	GlobalSection(ProjectConfigurationPlatforms) = postSolution
		{11E32500-8CFA-458A-8290-F2F8F327C975}.Debug|Any CPU.ActiveCfg = Debug|Any CPU
		{11E32500-8CFA-458A-8290-F2F8F327C975}.Debug|Any CPU.Build.0 = Debug|Any CPU
		{11E32500-8CFA-458A-8290-F2F8F327C975}.Release|Any CPU.ActiveCfg = Release|Any CPU
		{11E32500-8CFA-458A-8290-F2F8F327C975}.Release|Any CPU.Build.0 = Release|Any CPU
		{3A481A3B-3738-4AB3-A4E5-B328C715451B}.Debug|Any CPU.ActiveCfg = Debug|Any CPU
		{3A481A3B-3738-4AB3-A4E5-B328C715451B}.Debug|Any CPU.Build.0 = Debug|Any CPU
		{3A481A3B-3738-4AB3-A4E5-B328C715451B}.Release|Any CPU.ActiveCfg = Release|Any CPU
		{3A481A3B-3738-4AB3-A4E5-B328C715451B}.Release|Any CPU.Build.0 = Release|Any CPU
		{23EC0783-5457-4D20-A4C8-AE7D1A14D403}.Debug|Any CPU.ActiveCfg = Debug|Any CPU
		{23EC0783-5457-4D20-A4C8-AE7D1A14D403}.Debug|Any CPU.Build.0 = Debug|Any CPU
		{23EC0783-5457-4D20-A4C8-AE7D1A14D403}.Release|Any CPU.ActiveCfg = Release|Any CPU
		{23EC0783-5457-4D20-A4C8-AE7D1A14D403}.Release|Any CPU.Build.0 = Release|Any CPU
		{994BB5B5-A838-491B-A059-F8F6B1A6555B}.Debug|Any CPU.ActiveCfg = Debug|Any CPU
		{994BB5B5-A838-491B-A059-F8F6B1A6555B}.Debug|Any CPU.Build.0 = Debug|Any CPU
		{994BB5B5-A838-491B-A059-F8F6B1A6555B}.Release|Any CPU.ActiveCfg = Release|Any CPU
		{994BB5B5-A838-491B-A059-F8F6B1A6555B}.Release|Any CPU.Build.0 = Release|Any CPU
	EndGlobalSection
	GlobalSection(SolutionProperties) = preSolution
		HideSolutionNode = FALSE
	EndGlobalSection
	GlobalSection(NestedProjects) = preSolution
		{11E32500-8CFA-458A-8290-F2F8F327C975} = {558C65B6-2A10-4751-BB14-AFCF1B1A2FC5}
		{3A481A3B-3738-4AB3-A4E5-B328C715451B} = {9761564B-BF08-4C26-80B6-0DF03E21F3D0}
		{23EC0783-5457-4D20-A4C8-AE7D1A14D403} = {9761564B-BF08-4C26-80B6-0DF03E21F3D0}
		{994BB5B5-A838-491B-A059-F8F6B1A6555B} = {558C65B6-2A10-4751-BB14-AFCF1B1A2FC5}
	EndGlobalSection
	GlobalSection(ExtensibilityGlobals) = postSolution
		SolutionGuid = {047CD011-2F25-47B6-B0BD-946A5E2D85C5}
	EndGlobalSection
EndGlobal
